
Microsoft Visual Studio Solution File, Format Version 12.00
# Visual Studio 14
VisualStudioVersion = 14.0.24720.0
MinimumVisualStudioVersion = 10.0.40219.1
Project("{FAE04EC0-301F-11D3-BF4B-00C04F79EFBC}") = "Driver", "AdventuresWithTDD\Driver.csproj", "{CD0760D1-0C8E-4AEA-A6E7-6F2625402489}"
EndProject
Project("{FAE04EC0-301F-11D3-BF4B-00C04F79EFBC}") = "Shared", "Shared\Shared.csproj", "{35D721C5-50EE-4BF0-B528-46F41A02504A}"
EndProject
Project("{FAE04EC0-301F-11D3-BF4B-00C04F79EFBC}") = "FileImpl", "FileImpl\FileImpl.csproj", "{FC6098E9-BDCD-4940-87CE-672372B3C694}"
EndProject
Project("{FAE04EC0-301F-11D3-BF4B-00C04F79EFBC}") = "Tests_MsTest", "Tests_MsTest\Tests_MsTest.csproj", "{A93E53A8-556A-482B-A99E-F4C6F82145A7}"
EndProject
Project("{FAE04EC0-301F-11D3-BF4B-00C04F79EFBC}") = "Tests_Nunit", "Tests_Nunit\Tests_Nunit.csproj", "{067456C0-086C-46A8-B37F-1405717B7BFC}"
EndProject
Global
	GlobalSection(SolutionConfigurationPlatforms) = preSolution
		Debug|Any CPU = Debug|Any CPU
		Release|Any CPU = Release|Any CPU
	EndGlobalSection
	GlobalSection(ProjectConfigurationPlatforms) = postSolution
		{CD0760D1-0C8E-4AEA-A6E7-6F2625402489}.Debug|Any CPU.ActiveCfg = Debug|Any CPU
		{CD0760D1-0C8E-4AEA-A6E7-6F2625402489}.Debug|Any CPU.Build.0 = Debug|Any CPU
		{CD0760D1-0C8E-4AEA-A6E7-6F2625402489}.Release|Any CPU.ActiveCfg = Release|Any CPU
		{CD0760D1-0C8E-4AEA-A6E7-6F2625402489}.Release|Any CPU.Build.0 = Release|Any CPU
		{35D721C5-50EE-4BF0-B528-46F41A02504A}.Debug|Any CPU.ActiveCfg = Debug|Any CPU
		{35D721C5-50EE-4BF0-B528-46F41A02504A}.Debug|Any CPU.Build.0 = Debug|Any CPU
		{35D721C5-50EE-4BF0-B528-46F41A02504A}.Release|Any CPU.ActiveCfg = Release|Any CPU
		{35D721C5-50EE-4BF0-B528-46F41A02504A}.Release|Any CPU.Build.0 = Release|Any CPU
		{FC6098E9-BDCD-4940-87CE-672372B3C694}.Debug|Any CPU.ActiveCfg = Debug|Any CPU
		{FC6098E9-BDCD-4940-87CE-672372B3C694}.Debug|Any CPU.Build.0 = Debug|Any CPU
		{FC6098E9-BDCD-4940-87CE-672372B3C694}.Release|Any CPU.ActiveCfg = Release|Any CPU
		{FC6098E9-BDCD-4940-87CE-672372B3C694}.Release|Any CPU.Build.0 = Release|Any CPU
		{A93E53A8-556A-482B-A99E-F4C6F82145A7}.Debug|Any CPU.ActiveCfg = Debug|Any CPU
		{A93E53A8-556A-482B-A99E-F4C6F82145A7}.Debug|Any CPU.Build.0 = Debug|Any CPU
		{A93E53A8-556A-482B-A99E-F4C6F82145A7}.Release|Any CPU.ActiveCfg = Release|Any CPU
		{A93E53A8-556A-482B-A99E-F4C6F82145A7}.Release|Any CPU.Build.0 = Release|Any CPU
		{067456C0-086C-46A8-B37F-1405717B7BFC}.Debug|Any CPU.ActiveCfg = Debug|Any CPU
		{067456C0-086C-46A8-B37F-1405717B7BFC}.Debug|Any CPU.Build.0 = Debug|Any CPU
		{067456C0-086C-46A8-B37F-1405717B7BFC}.Release|Any CPU.ActiveCfg = Release|Any CPU
		{067456C0-086C-46A8-B37F-1405717B7BFC}.Release|Any CPU.Build.0 = Release|Any CPU
	EndGlobalSection
	GlobalSection(SolutionProperties) = preSolution
		HideSolutionNode = FALSE
	EndGlobalSection
EndGlobal
